<?xml version="1.0" encoding="utf-8"?>
<Project ToolsVersion="4.0" xmlns="http://schemas.microsoft.com/developer/msbuild/2003">
  <ItemGroup>
    <Filter Include="Исходные файлы">
      <UniqueIdentifier>{4FC737F1-C7A5-4376-A066-2A32D752A2FF}</UniqueIdentifier>
      <Extensions>cpp;c;cc;cxx;c++;cppm;ixx;def;odl;idl;hpj;bat;asm;asmx</Extensions>
    </Filter>
    <Filter Include="Файлы заголовков">
      <UniqueIdentifier>{93995380-89BD-4b04-88EB-625FBE52EBFB}</UniqueIdentifier>
      <Extensions>h;hh;hpp;hxx;h++;hm;inl;inc;ipp;xsd</Extensions>
    </Filter>
    <Filter Include="Файлы ресурсов">
      <UniqueIdentifier>{67DA6AB6-F800-4c08-8B7A-83BB121AAD01}</UniqueIdentifier>
      <Extensions>rc;ico;cur;bmp;dlg;rc2;rct;bin;rgs;gif;jpg;jpeg;jpe;resx;tiff;tif;png;wav;mfcribbon-ms</Extensions>
    </Filter>
    <Filter Include="Исходные файлы\OOP">
      <UniqueIdentifier>{5c9184b5-65f5-472e-8b5e-40129945f85d}</UniqueIdentifier>
    </Filter>
    <Filter Include="Файлы заголовков\Classes">
      <UniqueIdentifier>{014efa92-d62f-410f-a3a8-9679e219bbf0}</UniqueIdentifier>
    </Filter>
    <Filter Include="Файлы заголовков\Functions">
      <UniqueIdentifier>{0722dc47-c262-470e-b354-3c933d63be52}</UniqueIdentifier>
    </Filter>
    <Filter Include="Исходные файлы\Functions">
      <UniqueIdentifier>{e8e2968c-6ba2-45b6-906e-8dde58023302}</UniqueIdentifier>
    </Filter>
    <Filter Include="Файлы заголовков\Algorithms">
      <UniqueIdentifier>{a0e9b25c-7545-4c1c-a952-0112208e787d}</UniqueIdentifier>
    </Filter>
    <Filter Include="Файлы заголовков\DataStructure">
      <UniqueIdentifier>{de0ed8d2-86cd-4439-a773-aaa315ef97fa}</UniqueIdentifier>
    </Filter>
  </ItemGroup>
  <ItemGroup>
    <ClCompile Include="Study_C_Plus_Application.cpp">
      <Filter>Исходные файлы</Filter>
    </ClCompile>
    <ClCompile Include="functions.cpp">
      <Filter>Исходные файлы\Functions</Filter>
    </ClCompile>
    <ClCompile Include="MyClass.cpp">
      <Filter>Исходные файлы\OOP</Filter>
    </ClCompile>
    <ClCompile Include="FileExchange.cpp">
      <Filter>Исходные файлы</Filter>
    </ClCompile>
    <ClCompile Include="JsonParser.cpp">
      <Filter>Исходные файлы</Filter>
    </ClCompile>
  </ItemGroup>
  <ItemGroup>
    <ClInclude Include="functions.h">
      <Filter>Файлы заголовков</Filter>
    </ClInclude>
    <ClInclude Include="MyClass.h">
      <Filter>Файлы заголовков\Classes</Filter>
    </ClInclude>
    <ClInclude Include="FileExchange.h">
      <Filter>Файлы заголовков</Filter>
    </ClInclude>
    <ClInclude Include="JsonParser.h">
      <Filter>Файлы заголовков</Filter>
    </ClInclude>
  </ItemGroup>
</Project>